github.com/technoweenie/multipartstreamer v1.0.1 h1:XRztA5MXiR1TIRHxH2uNxXxaIkKQDeX7m2XsSOlQEnM=
github.com/technoweenie/multipartstreamer v1.0.1/go.mod h1:jNVxdtShOxzAsukZwTSw6MDx5eUJoiEBsSvzDU9uzog=
gopkg.in/telegram-bot-api.v4 v4.6.4 h1:hpHWhzn4jTCsAJZZ2loNKfy2QWyPDRJVl3aTFXeMW8g=
gopkg.in/telegram-bot-api.v4 v4.6.4/go.mod h1:5DpGO5dbumb40px+dXcwCpcjmeHNYLpk0bp3XRNvWDM=
